
Microsoft Visual Studio Solution File, Format Version 12.00
# Visual Studio 15
Project("{FAE04EC0-301F-11D3-BF4B-00C04F79EFBC}") = "Assembly-CSharp", "Assembly-CSharp.csproj", "{37F3DE21-116F-3F0F-F436-A9BE93090C09}"
EndProject
Global
	GlobalSection(SolutionConfigurationPlatforms) = preSolution
		Debug|Any CPU = Debug|Any CPU
		Release|Any CPU = Release|Any CPU
	EndGlobalSection
	GlobalSection(ProjectConfigurationPlatforms) = postSolution
		{37F3DE21-116F-3F0F-F436-A9BE93090C09}.Debug|Any CPU.ActiveCfg = Debug|Any CPU
		{37F3DE21-116F-3F0F-F436-A9BE93090C09}.Debug|Any CPU.Build.0 = Debug|Any CPU
		{37F3DE21-116F-3F0F-F436-A9BE93090C09}.Release|Any CPU.ActiveCfg = Release|Any CPU
		{37F3DE21-116F-3F0F-F436-A9BE93090C09}.Release|Any CPU.Build.0 = Release|Any CPU
	EndGlobalSection
	GlobalSection(SolutionProperties) = preSolution
		HideSolutionNode = FALSE
	EndGlobalSection
EndGlobal
